// !$*UTF8*$!
{
	archiveVersion = 1;
	classes = {
	};
	objectVersion = 46;
	objects = {

/* Begin PBXBuildFile section */
		C004C6631E1E7C0C00EC712E /* LoginViewController.swift in Sources */ = {isa = PBXBuildFile; fileRef = C004C6621E1E7C0C00EC712E /* LoginViewController.swift */; };
		C004C6651E1E7C1800EC712E /* Login.storyboard in Resources */ = {isa = PBXBuildFile; fileRef = C004C6641E1E7C1800EC712E /* Login.storyboard */; };
		C017AC561E1FC449000F4B60 /* NetWorkTools.swift in Sources */ = {isa = PBXBuildFile; fileRef = C017AC501E1FC449000F4B60 /* NetWorkTools.swift */; };
		C017AC571E1FC449000F4B60 /* Reachability.m in Sources */ = {isa = PBXBuildFile; fileRef = C017AC521E1FC449000F4B60 /* Reachability.m */; };
		C017AC581E1FC449000F4B60 /* SaveTools.swift in Sources */ = {isa = PBXBuildFile; fileRef = C017AC531E1FC449000F4B60 /* SaveTools.swift */; };
		C017AC591E1FC449000F4B60 /* SysNetWorkTools.swift in Sources */ = {isa = PBXBuildFile; fileRef = C017AC541E1FC449000F4B60 /* SysNetWorkTools.swift */; };
		C017ACB41E1FC6F1000F4B60 /* PushConfig.plist in Resources */ = {isa = PBXBuildFile; fileRef = C017ACB01E1FC6F1000F4B60 /* PushConfig.plist */; };
		C017ACB51E1FC6F1000F4B60 /* libPushSDK-1.8.8.a in Frameworks */ = {isa = PBXBuildFile; fileRef = C017ACB21E1FC6F1000F4B60 /* libPushSDK-1.8.8.a */; };
		C017ACBA1E1FC709000F4B60 /* libMobClickLibrary.a in Frameworks */ = {isa = PBXBuildFile; fileRef = C017ACB71E1FC709000F4B60 /* libMobClickLibrary.a */; };
		C017ACEF1E1FC718000F4B60 /* SMS_SDKLocalizable.strings in Resources */ = {isa = PBXBuildFile; fileRef = C017ACBC1E1FC718000F4B60 /* SMS_SDKLocalizable.strings */; };
		C017ACF01E1FC718000F4B60 /* MOBFoundation.framework in Frameworks */ = {isa = PBXBuildFile; fileRef = C017ACBE1E1FC718000F4B60 /* MOBFoundation.framework */; };
		C017ACF11E1FC718000F4B60 /* SMS_SDK.framework in Frameworks */ = {isa = PBXBuildFile; fileRef = C017ACBF1E1FC718000F4B60 /* SMS_SDK.framework */; };
		C017ACF21E1FC718000F4B60 /* libUMessage_Sdk_1.2.0.a in Frameworks */ = {isa = PBXBuildFile; fileRef = C017ACC21E1FC718000F4B60 /* libUMessage_Sdk_1.2.0.a */; };
		C017ACF31E1FC718000F4B60 /* UMSocialLocalizable.strings in Resources */ = {isa = PBXBuildFile; fileRef = C017ACC51E1FC718000F4B60 /* UMSocialLocalizable.strings */; };
		C017ACF41E1FC718000F4B60 /* libUMSocial_Sdk_4.3.a in Frameworks */ = {isa = PBXBuildFile; fileRef = C017ACD31E1FC718000F4B60 /* libUMSocial_Sdk_4.3.a */; };
		C017ACF51E1FC718000F4B60 /* libUMSocial_Sdk_Comment_4.3.a in Frameworks */ = {isa = PBXBuildFile; fileRef = C017ACD41E1FC718000F4B60 /* libUMSocial_Sdk_Comment_4.3.a */; };
		C017ACF61E1FC718000F4B60 /* UMSCommentDetailController.xib in Resources */ = {isa = PBXBuildFile; fileRef = C017ACD61E1FC718000F4B60 /* UMSCommentDetailController.xib */; };
		C017ACF71E1FC718000F4B60 /* UMSCommentInputController.xib in Resources */ = {isa = PBXBuildFile; fileRef = C017ACD71E1FC718000F4B60 /* UMSCommentInputController.xib */; };
		C017ACF81E1FC718000F4B60 /* UMSCommentInputControlleriPad.xib in Resources */ = {isa = PBXBuildFile; fileRef = C017ACD81E1FC718000F4B60 /* UMSCommentInputControlleriPad.xib */; };
		C017ACF91E1FC718000F4B60 /* UMShareEditViewController.xib in Resources */ = {isa = PBXBuildFile; fileRef = C017ACD91E1FC718000F4B60 /* UMShareEditViewController.xib */; };
		C017ACFA1E1FC718000F4B60 /* UMShareEditViewControlleriPad.xib in Resources */ = {isa = PBXBuildFile; fileRef = C017ACDA1E1FC718000F4B60 /* UMShareEditViewControlleriPad.xib */; };
		C017ACFB1E1FC718000F4B60 /* UMSLoginViewController.xib in Resources */ = {isa = PBXBuildFile; fileRef = C017ACDB1E1FC718000F4B60 /* UMSLoginViewController.xib */; };
		C017ACFC1E1FC718000F4B60 /* UMSnsAccountViewController.xib in Resources */ = {isa = PBXBuildFile; fileRef = C017ACDC1E1FC718000F4B60 /* UMSnsAccountViewController.xib */; };
		C017ACFD1E1FC718000F4B60 /* UMSShareListController.xib in Resources */ = {isa = PBXBuildFile; fileRef = C017ACDD1E1FC718000F4B60 /* UMSShareListController.xib */; };
		C017ACFE1E1FC718000F4B60 /* libSocialSina.a in Frameworks */ = {isa = PBXBuildFile; fileRef = C017ACE01E1FC718000F4B60 /* libSocialSina.a */; };
		C017ACFF1E1FC718000F4B60 /* libSocialQQ.a in Frameworks */ = {isa = PBXBuildFile; fileRef = C017ACE31E1FC718000F4B60 /* libSocialQQ.a */; };
		C017AD011E1FC718000F4B60 /* TencentOpenApi_IOS_Bundle.bundle in Resources */ = {isa = PBXBuildFile; fileRef = C017ACE51E1FC718000F4B60 /* TencentOpenApi_IOS_Bundle.bundle */; };
		C017AD021E1FC718000F4B60 /* libSocialWechat.a in Frameworks */ = {isa = PBXBuildFile; fileRef = C017ACE81E1FC718000F4B60 /* libSocialWechat.a */; };
		C017AD031E1FC718000F4B60 /* libWeChatSDK.a in Frameworks */ = {isa = PBXBuildFile; fileRef = C017ACE91E1FC718000F4B60 /* libWeChatSDK.a */; };
		C017AD041E1FC718000F4B60 /* UMSocialSDKResourcesNew.bundle in Resources */ = {isa = PBXBuildFile; fileRef = C017ACED1E1FC718000F4B60 /* UMSocialSDKResourcesNew.bundle */; };
		C017AD061E1FC84F000F4B60 /* libsqlite3.tbd in Frameworks */ = {isa = PBXBuildFile; fileRef = C017AD051E1FC84F000F4B60 /* libsqlite3.tbd */; };
		C017AD081E1FC85B000F4B60 /* SystemConfiguration.framework in Frameworks */ = {isa = PBXBuildFile; fileRef = C017AD071E1FC85B000F4B60 /* SystemConfiguration.framework */; };
		C017AD0A1E1FC864000F4B60 /* CoreTelephony.framework in Frameworks */ = {isa = PBXBuildFile; fileRef = C017AD091E1FC864000F4B60 /* CoreTelephony.framework */; };
		C017AD0C1E1FC86E000F4B60 /* ImageIO.framework in Frameworks */ = {isa = PBXBuildFile; fileRef = C017AD0B1E1FC86E000F4B60 /* ImageIO.framework */; };
		C017AD0E1E1FC882000F4B60 /* libz.tbd in Frameworks */ = {isa = PBXBuildFile; fileRef = C017AD0D1E1FC882000F4B60 /* libz.tbd */; };
		C017AD101E1FC89A000F4B60 /* libc++.tbd in Frameworks */ = {isa = PBXBuildFile; fileRef = C017AD0F1E1FC89A000F4B60 /* libc++.tbd */; };
		C017AD111E1FCDF2000F4B60 /* TencentOpenApi_IOS_Bundle.bundle in Frameworks */ = {isa = PBXBuildFile; fileRef = C017ACE51E1FC718000F4B60 /* TencentOpenApi_IOS_Bundle.bundle */; };
		C017AD121E1FCDF2000F4B60 /* TencentOpenAPI.framework in Frameworks */ = {isa = PBXBuildFile; fileRef = C017ACE41E1FC718000F4B60 /* TencentOpenAPI.framework */; };
		C017AD151E1FDD83000F4B60 /* User.swift in Sources */ = {isa = PBXBuildFile; fileRef = C017AD141E1FDD83000F4B60 /* User.swift */; };
		C017AD191E220606000F4B60 /* libicucore.tbd in Frameworks */ = {isa = PBXBuildFile; fileRef = C017AD181E220606000F4B60 /* libicucore.tbd */; };
		C017AD1B1E220617000F4B60 /* MessageUI.framework in Frameworks */ = {isa = PBXBuildFile; fileRef = C017AD1A1E220617000F4B60 /* MessageUI.framework */; };
		C017AD1D1E22062C000F4B60 /* JavaScriptCore.framework in Frameworks */ = {isa = PBXBuildFile; fileRef = C017AD1C1E22062C000F4B60 /* JavaScriptCore.framework */; };
		C017AD1F1E220641000F4B60 /* libstdc++.tbd in Frameworks */ = {isa = PBXBuildFile; fileRef = C017AD1E1E220641000F4B60 /* libstdc++.tbd */; };
		C017AD211E22065A000F4B60 /* AdSupport.framework in Frameworks */ = {isa = PBXBuildFile; fileRef = C017AD201E22065A000F4B60 /* AdSupport.framework */; };
		C07070FB1E1E1461002C42D0 /* AppDelegate.swift in Sources */ = {isa = PBXBuildFile; fileRef = C07070FA1E1E1461002C42D0 /* AppDelegate.swift */; };
		C07071001E1E1461002C42D0 /* Main.storyboard in Resources */ = {isa = PBXBuildFile; fileRef = C07070FE1E1E1461002C42D0 /* Main.storyboard */; };
		C07071021E1E1461002C42D0 /* Assets.xcassets in Resources */ = {isa = PBXBuildFile; fileRef = C07071011E1E1461002C42D0 /* Assets.xcassets */; };
		C07071221E1E16C4002C42D0 /* LaunchScreen.storyboard in Resources */ = {isa = PBXBuildFile; fileRef = C07071211E1E16C4002C42D0 /* LaunchScreen.storyboard */; };
		C07071241E1E19D3002C42D0 /* MainTabBarViewController.swift in Sources */ = {isa = PBXBuildFile; fileRef = C07071231E1E19D3002C42D0 /* MainTabBarViewController.swift */; };
		C07071261E1E1A1C002C42D0 /* HomeViewController.swift in Sources */ = {isa = PBXBuildFile; fileRef = C07071251E1E1A1C002C42D0 /* HomeViewController.swift */; };
		C07071281E1E1A2C002C42D0 /* DiscoverViewController.swift in Sources */ = {isa = PBXBuildFile; fileRef = C07071271E1E1A2C002C42D0 /* DiscoverViewController.swift */; };
		C070712A1E1E1A42002C42D0 /* MineViewController.swift in Sources */ = {isa = PBXBuildFile; fileRef = C07071291E1E1A42002C42D0 /* MineViewController.swift */; };
		C070713D1E1E1B86002C42D0 /* Array+Extension.swift in Sources */ = {isa = PBXBuildFile; fileRef = C070712D1E1E1B86002C42D0 /* Array+Extension.swift */; };
		C070713E1E1E1B86002C42D0 /* NSObject+Extension.swift in Sources */ = {isa = PBXBuildFile; fileRef = C070712E1E1E1B86002C42D0 /* NSObject+Extension.swift */; };
		C070713F1E1E1B86002C42D0 /* String+Extension.swift in Sources */ = {isa = PBXBuildFile; fileRef = C070712F1E1E1B86002C42D0 /* String+Extension.swift */; };
		C07071401E1E1B86002C42D0 /* UIBUtton+Extension.swift in Sources */ = {isa = PBXBuildFile; fileRef = C07071301E1E1B86002C42D0 /* UIBUtton+Extension.swift */; };
		C07071411E1E1B86002C42D0 /* UIColor+Extension.swift in Sources */ = {isa = PBXBuildFile; fileRef = C07071311E1E1B86002C42D0 /* UIColor+Extension.swift */; };
		C07071421E1E1B86002C42D0 /* UIImage+Extension.swift in Sources */ = {isa = PBXBuildFile; fileRef = C07071321E1E1B86002C42D0 /* UIImage+Extension.swift */; };
		C07071431E1E1B86002C42D0 /* UIImageView+Extension.swift in Sources */ = {isa = PBXBuildFile; fileRef = C07071331E1E1B86002C42D0 /* UIImageView+Extension.swift */; };
		C07071441E1E1B86002C42D0 /* UILabel+Extension.swift in Sources */ = {isa = PBXBuildFile; fileRef = C07071341E1E1B86002C42D0 /* UILabel+Extension.swift */; };
		C07071451E1E1B86002C42D0 /* UIView+Extension.swift in Sources */ = {isa = PBXBuildFile; fileRef = C07071351E1E1B86002C42D0 /* UIView+Extension.swift */; };
		C07071461E1E1B86002C42D0 /* UIViewController+Extension.swift in Sources */ = {isa = PBXBuildFile; fileRef = C07071361E1E1B86002C42D0 /* UIViewController+Extension.swift */; };
		C07071471E1E1B86002C42D0 /* Constant.swift in Sources */ = {isa = PBXBuildFile; fileRef = C07071371E1E1B86002C42D0 /* Constant.swift */; };
		C07071481E1E1B86002C42D0 /* CornersLabel.swift in Sources */ = {isa = PBXBuildFile; fileRef = C07071391E1E1B86002C42D0 /* CornersLabel.swift */; };
		C07071491E1E1B86002C42D0 /* MGButton.swift in Sources */ = {isa = PBXBuildFile; fileRef = C070713A1E1E1B86002C42D0 /* MGButton.swift */; };
		C070714A1E1E1B86002C42D0 /* MoreButton.swift in Sources */ = {isa = PBXBuildFile; fileRef = C070713B1E1E1B86002C42D0 /* MoreButton.swift */; };
		C070714B1E1E1B86002C42D0 /* TitleButton.swift in Sources */ = {isa = PBXBuildFile; fileRef = C070713C1E1E1B86002C42D0 /* TitleButton.swift */; };
		C070714D1E1E1F7A002C42D0 /* HomeTitlesView.swift in Sources */ = {isa = PBXBuildFile; fileRef = C070714C1E1E1F7A002C42D0 /* HomeTitlesView.swift */; };
		C070714F1E1E2038002C42D0 /* HomeContentView.swift in Sources */ = {isa = PBXBuildFile; fileRef = C070714E1E1E2038002C42D0 /* HomeContentView.swift */; };
		C07071511E1E21FF002C42D0 /* VideoTableViewController.swift in Sources */ = {isa = PBXBuildFile; fileRef = C07071501E1E21FF002C42D0 /* VideoTableViewController.swift */; };
		C07071541E1E2314002C42D0 /* VideoCell.swift in Sources */ = {isa = PBXBuildFile; fileRef = C07071521E1E2314002C42D0 /* VideoCell.swift */; };
		C07071551E1E2314002C42D0 /* VideoCell.xib in Resources */ = {isa = PBXBuildFile; fileRef = C07071531E1E2314002C42D0 /* VideoCell.xib */; };
		C0D4EF4B1E1F7ED800043A6B /* Mine.storyboard in Resources */ = {isa = PBXBuildFile; fileRef = C0D4EF4A1E1F7ED800043A6B /* Mine.storyboard */; };
		C0D4EF4D1E1F883A00043A6B /* QRCodeViewController.swift in Sources */ = {isa = PBXBuildFile; fileRef = C0D4EF4C1E1F883A00043A6B /* QRCodeViewController.swift */; };
		C0D4EF4F1E1F8D7100043A6B /* RegisterViewController.swift in Sources */ = {isa = PBXBuildFile; fileRef = C0D4EF4E1E1F8D7100043A6B /* RegisterViewController.swift */; };
		DFB4E0B8595614ACAE126B5B /* Pods_MGDS_Swift.framework in Frameworks */ = {isa = PBXBuildFile; fileRef = 899208F26CCBE9818DD0C9FB /* Pods_MGDS_Swift.framework */; };
/* End PBXBuildFile section */

/* Begin PBXFileReference section */
		50F2BFEF9040444F5CC43E5B /* Pods-MGDS_Swift.debug.xcconfig */ = {isa = PBXFileReference; includeInIndex = 1; lastKnownFileType = text.xcconfig; name = "Pods-MGDS_Swift.debug.xcconfig"; path = "Pods/Target Support Files/Pods-MGDS_Swift/Pods-MGDS_Swift.debug.xcconfig"; sourceTree = "<group>"; };
		899208F26CCBE9818DD0C9FB /* Pods_MGDS_Swift.framework */ = {isa = PBXFileReference; explicitFileType = wrapper.framework; includeInIndex = 0; path = Pods_MGDS_Swift.framework; sourceTree = BUILT_PRODUCTS_DIR; };
		BE52BAD1BA24BC5566571829 /* Pods-MGDS_Swift.release.xcconfig */ = {isa = PBXFileReference; includeInIndex = 1; lastKnownFileType = text.xcconfig; name = "Pods-MGDS_Swift.release.xcconfig"; path = "Pods/Target Support Files/Pods-MGDS_Swift/Pods-MGDS_Swift.release.xcconfig"; sourceTree = "<group>"; };
		C004C6621E1E7C0C00EC712E /* LoginViewController.swift */ = {isa = PBXFileReference; fileEncoding = 4; lastKnownFileType = sourcecode.swift; path = LoginViewController.swift; sourceTree = "<group>"; };
		C004C6641E1E7C1800EC712E /* Login.storyboard */ = {isa = PBXFileReference; fileEncoding = 4; lastKnownFileType = file.storyboard; path = Login.storyboard; sourceTree = "<group>"; };
		C017AC501E1FC449000F4B60 /* NetWorkTools.swift */ = {isa = PBXFileReference; fileEncoding = 4; lastKnownFileType = sourcecode.swift; path = NetWorkTools.swift; sourceTree = "<group>"; };
		C017AC511E1FC449000F4B60 /* Reachability.h */ = {isa = PBXFileReference; fileEncoding = 4; lastKnownFileType = sourcecode.c.h; path = Reachability.h; sourceTree = "<group>"; };
		C017AC521E1FC449000F4B60 /* Reachability.m */ = {isa = PBXFileReference; fileEncoding = 4; lastKnownFileType = sourcecode.c.objc; path = Reachability.m; sourceTree = "<group>"; };
		C017AC531E1FC449000F4B60 /* SaveTools.swift */ = {isa = PBXFileReference; fileEncoding = 4; lastKnownFileType = sourcecode.swift; path = SaveTools.swift; sourceTree = "<group>"; };
		C017AC541E1FC449000F4B60 /* SysNetWorkTools.swift */ = {isa = PBXFileReference; fileEncoding = 4; lastKnownFileType = sourcecode.swift; path = SysNetWorkTools.swift; sourceTree = "<group>"; };
		C017ACB01E1FC6F1000F4B60 /* PushConfig.plist */ = {isa = PBXFileReference; fileEncoding = 4; lastKnownFileType = text.plist.xml; path = PushConfig.plist; sourceTree = "<group>"; };
		C017ACB11E1FC6F1000F4B60 /* APService.h */ = {isa = PBXFileReference; fileEncoding = 4; lastKnownFileType = sourcecode.c.h; path = APService.h; sourceTree = "<group>"; };
		C017ACB21E1FC6F1000F4B60 /* libPushSDK-1.8.8.a */ = {isa = PBXFileReference; lastKnownFileType = archive.ar; path = "libPushSDK-1.8.8.a"; sourceTree = "<group>"; };
		C017ACB71E1FC709000F4B60 /* libMobClickLibrary.a */ = {isa = PBXFileReference; lastKnownFileType = archive.ar; path = libMobClickLibrary.a; sourceTree = "<group>"; };
		C017ACB81E1FC709000F4B60 /* MobClick.h */ = {isa = PBXFileReference; fileEncoding = 4; lastKnownFileType = sourcecode.c.h; path = MobClick.h; sourceTree = "<group>"; };
		C017ACB91E1FC709000F4B60 /* MobClickSocialAnalytics.h */ = {isa = PBXFileReference; fileEncoding = 4; lastKnownFileType = sourcecode.c.h; path = MobClickSocialAnalytics.h; sourceTree = "<group>"; };
		C017ACBD1E1FC718000F4B60 /* en */ = {isa = PBXFileReference; lastKnownFileType = text.plist.strings; name = en; path = en.lproj/SMS_SDKLocalizable.strings; sourceTree = "<group>"; };
		C017ACBE1E1FC718000F4B60 /* MOBFoundation.framework */ = {isa = PBXFileReference; lastKnownFileType = wrapper.framework; path = MOBFoundation.framework; sourceTree = "<group>"; };
		C017ACBF1E1FC718000F4B60 /* SMS_SDK.framework */ = {isa = PBXFileReference; lastKnownFileType = wrapper.framework; path = SMS_SDK.framework; sourceTree = "<group>"; };
		C017ACC01E1FC718000F4B60 /* zh-Hans */ = {isa = PBXFileReference; lastKnownFileType = text.plist.strings; name = "zh-Hans"; path = "zh-Hans.lproj/SMS_SDKLocalizable.strings"; sourceTree = "<group>"; };
		C017ACC21E1FC718000F4B60 /* libUMessage_Sdk_1.2.0.a */ = {isa = PBXFileReference; lastKnownFileType = archive.ar; path = libUMessage_Sdk_1.2.0.a; sourceTree = "<group>"; };
		C017ACC31E1FC718000F4B60 /* UMessage.h */ = {isa = PBXFileReference; fileEncoding = 4; lastKnownFileType = sourcecode.c.h; path = UMessage.h; sourceTree = "<group>"; };
		C017ACC61E1FC718000F4B60 /* en */ = {isa = PBXFileReference; lastKnownFileType = text.plist.strings; name = en; path = en.lproj/UMSocialLocalizable.strings; sourceTree = "<group>"; };
		C017ACC81E1FC718000F4B60 /* UMSocial.h */ = {isa = PBXFileReference; fileEncoding = 4; lastKnownFileType = sourcecode.c.h; path = UMSocial.h; sourceTree = "<group>"; };
		C017ACC91E1FC718000F4B60 /* UMSocialAccountManager.h */ = {isa = PBXFileReference; fileEncoding = 4; lastKnownFileType = sourcecode.c.h; path = UMSocialAccountManager.h; sourceTree = "<group>"; };
		C017ACCA1E1FC718000F4B60 /* UMSocialBar.h */ = {isa = PBXFileReference; fileEncoding = 4; lastKnownFileType = sourcecode.c.h; path = UMSocialBar.h; sourceTree = "<group>"; };
		C017ACCB1E1FC718000F4B60 /* UMSocialConfig.h */ = {isa = PBXFileReference; fileEncoding = 4; lastKnownFileType = sourcecode.c.h; path = UMSocialConfig.h; sourceTree = "<group>"; };
		C017ACCC1E1FC718000F4B60 /* UMSocialControllerService.h */ = {isa = PBXFileReference; fileEncoding = 4; lastKnownFileType = sourcecode.c.h; path = UMSocialControllerService.h; sourceTree = "<group>"; };
		C017ACCD1E1FC718000F4B60 /* UMSocialControllerServiceComment.h */ = {isa = PBXFileReference; fileEncoding = 4; lastKnownFileType = sourcecode.c.h; path = UMSocialControllerServiceComment.h; sourceTree = "<group>"; };
		C017ACCE1E1FC718000F4B60 /* UMSocialData.h */ = {isa = PBXFileReference; fileEncoding = 4; lastKnownFileType = sourcecode.c.h; path = UMSocialData.h; sourceTree = "<group>"; };
		C017ACCF1E1FC718000F4B60 /* UMSocialDataService.h */ = {isa = PBXFileReference; fileEncoding = 4; lastKnownFileType = sourcecode.c.h; path = UMSocialDataService.h; sourceTree = "<group>"; };
		C017ACD01E1FC718000F4B60 /* UMSocialSnsData.h */ = {isa = PBXFileReference; fileEncoding = 4; lastKnownFileType = sourcecode.c.h; path = UMSocialSnsData.h; sourceTree = "<group>"; };
		C017ACD11E1FC718000F4B60 /* UMSocialSnsPlatformManager.h */ = {isa = PBXFileReference; fileEncoding = 4; lastKnownFileType = sourcecode.c.h; path = UMSocialSnsPlatformManager.h; sourceTree = "<group>"; };
		C017ACD21E1FC718000F4B60 /* UMSocialSnsService.h */ = {isa = PBXFileReference; fileEncoding = 4; lastKnownFileType = sourcecode.c.h; path = UMSocialSnsService.h; sourceTree = "<group>"; };
		C017ACD31E1FC718000F4B60 /* libUMSocial_Sdk_4.3.a */ = {isa = PBXFileReference; lastKnownFileType = archive.ar; path = libUMSocial_Sdk_4.3.a; sourceTree = "<group>"; };
		C017ACD41E1FC718000F4B60 /* libUMSocial_Sdk_Comment_4.3.a */ = {isa = PBXFileReference; lastKnownFileType = archive.ar; path = libUMSocial_Sdk_Comment_4.3.a; sourceTree = "<group>"; };
		C017ACD61E1FC718000F4B60 /* UMSCommentDetailController.xib */ = {isa = PBXFileReference; fileEncoding = 4; lastKnownFileType = file.xib; path = UMSCommentDetailController.xib; sourceTree = "<group>"; };
		C017ACD71E1FC718000F4B60 /* UMSCommentInputController.xib */ = {isa = PBXFileReference; fileEncoding = 4; lastKnownFileType = file.xib; path = UMSCommentInputController.xib; sourceTree = "<group>"; };
		C017ACD81E1FC718000F4B60 /* UMSCommentInputControlleriPad.xib */ = {isa = PBXFileReference; fileEncoding = 4; lastKnownFileType = file.xib; path = UMSCommentInputControlleriPad.xib; sourceTree = "<group>"; };
		C017ACD91E1FC718000F4B60 /* UMShareEditViewController.xib */ = {isa = PBXFileReference; fileEncoding = 4; lastKnownFileType = file.xib; path = UMShareEditViewController.xib; sourceTree = "<group>"; };
		C017ACDA1E1FC718000F4B60 /* UMShareEditViewControlleriPad.xib */ = {isa = PBXFileReference; fileEncoding = 4; lastKnownFileType = file.xib; path = UMShareEditViewControlleriPad.xib; sourceTree = "<group>"; };
		C017ACDB1E1FC718000F4B60 /* UMSLoginViewController.xib */ = {isa = PBXFileReference; fileEncoding = 4; lastKnownFileType = file.xib; path = UMSLoginViewController.xib; sourceTree = "<group>"; };
		C017ACDC1E1FC718000F4B60 /* UMSnsAccountViewController.xib */ = {isa = PBXFileReference; fileEncoding = 4; lastKnownFileType = file.xib; path = UMSnsAccountViewController.xib; sourceTree = "<group>"; };
		C017ACDD1E1FC718000F4B60 /* UMSShareListController.xib */ = {isa = PBXFileReference; fileEncoding = 4; lastKnownFileType = file.xib; path = UMSShareListController.xib; sourceTree = "<group>"; };
		C017ACE01E1FC718000F4B60 /* libSocialSina.a */ = {isa = PBXFileReference; lastKnownFileType = archive.ar; path = libSocialSina.a; sourceTree = "<group>"; };
		C017ACE11E1FC718000F4B60 /* UMSocialSinaHandler.h */ = {isa = PBXFileReference; fileEncoding = 4; lastKnownFileType = sourcecode.c.h; path = UMSocialSinaHandler.h; sourceTree = "<group>"; };
		C017ACE31E1FC718000F4B60 /* libSocialQQ.a */ = {isa = PBXFileReference; lastKnownFileType = archive.ar; path = libSocialQQ.a; sourceTree = "<group>"; };
		C017ACE41E1FC718000F4B60 /* TencentOpenAPI.framework */ = {isa = PBXFileReference; lastKnownFileType = wrapper.framework; path = TencentOpenAPI.framework; sourceTree = "<group>"; };
		C017ACE51E1FC718000F4B60 /* TencentOpenApi_IOS_Bundle.bundle */ = {isa = PBXFileReference; lastKnownFileType = "wrapper.plug-in"; path = TencentOpenApi_IOS_Bundle.bundle; sourceTree = "<group>"; };
		C017ACE61E1FC718000F4B60 /* UMSocialQQHandler.h */ = {isa = PBXFileReference; fileEncoding = 4; lastKnownFileType = sourcecode.c.h; path = UMSocialQQHandler.h; sourceTree = "<group>"; };
		C017ACE81E1FC718000F4B60 /* libSocialWechat.a */ = {isa = PBXFileReference; lastKnownFileType = archive.ar; path = libSocialWechat.a; sourceTree = "<group>"; };
		C017ACE91E1FC718000F4B60 /* libWeChatSDK.a */ = {isa = PBXFileReference; lastKnownFileType = archive.ar; path = libWeChatSDK.a; sourceTree = "<group>"; };
		C017ACEA1E1FC718000F4B60 /* UMSocialWechatHandler.h */ = {isa = PBXFileReference; fileEncoding = 4; lastKnownFileType = sourcecode.c.h; path = UMSocialWechatHandler.h; sourceTree = "<group>"; };
		C017ACEB1E1FC718000F4B60 /* WXApi.h */ = {isa = PBXFileReference; fileEncoding = 4; lastKnownFileType = sourcecode.c.h; path = WXApi.h; sourceTree = "<group>"; };
		C017ACEC1E1FC718000F4B60 /* WXApiObject.h */ = {isa = PBXFileReference; fileEncoding = 4; lastKnownFileType = sourcecode.c.h; path = WXApiObject.h; sourceTree = "<group>"; };
		C017ACED1E1FC718000F4B60 /* UMSocialSDKResourcesNew.bundle */ = {isa = PBXFileReference; lastKnownFileType = "wrapper.plug-in"; path = UMSocialSDKResourcesNew.bundle; sourceTree = "<group>"; };
		C017ACEE1E1FC718000F4B60 /* zh-Hans */ = {isa = PBXFileReference; lastKnownFileType = text.plist.strings; name = "zh-Hans"; path = "zh-Hans.lproj/UMSocialLocalizable.strings"; sourceTree = "<group>"; };
		C017AD051E1FC84F000F4B60 /* libsqlite3.tbd */ = {isa = PBXFileReference; lastKnownFileType = "sourcecode.text-based-dylib-definition"; name = libsqlite3.tbd; path = usr/lib/libsqlite3.tbd; sourceTree = SDKROOT; };
		C017AD071E1FC85B000F4B60 /* SystemConfiguration.framework */ = {isa = PBXFileReference; lastKnownFileType = wrapper.framework; name = SystemConfiguration.framework; path = System/Library/Frameworks/SystemConfiguration.framework; sourceTree = SDKROOT; };
		C017AD091E1FC864000F4B60 /* CoreTelephony.framework */ = {isa = PBXFileReference; lastKnownFileType = wrapper.framework; name = CoreTelephony.framework; path = System/Library/Frameworks/CoreTelephony.framework; sourceTree = SDKROOT; };
		C017AD0B1E1FC86E000F4B60 /* ImageIO.framework */ = {isa = PBXFileReference; lastKnownFileType = wrapper.framework; name = ImageIO.framework; path = System/Library/Frameworks/ImageIO.framework; sourceTree = SDKROOT; };
		C017AD0D1E1FC882000F4B60 /* libz.tbd */ = {isa = PBXFileReference; lastKnownFileType = "sourcecode.text-based-dylib-definition"; name = libz.tbd; path = usr/lib/libz.tbd; sourceTree = SDKROOT; };
		C017AD0F1E1FC89A000F4B60 /* libc++.tbd */ = {isa = PBXFileReference; lastKnownFileType = "sourcecode.text-based-dylib-definition"; name = "libc++.tbd"; path = "usr/lib/libc++.tbd"; sourceTree = SDKROOT; };
		C017AD141E1FDD83000F4B60 /* User.swift */ = {isa = PBXFileReference; fileEncoding = 4; lastKnownFileType = sourcecode.swift; path = User.swift; sourceTree = "<group>"; };
		C017AD161E21F6DD000F4B60 /* MobileCoreServices.framework */ = {isa = PBXFileReference; lastKnownFileType = wrapper.framework; name = MobileCoreServices.framework; path = System/Library/Frameworks/MobileCoreServices.framework; sourceTree = SDKROOT; };
		C017AD181E220606000F4B60 /* libicucore.tbd */ = {isa = PBXFileReference; lastKnownFileType = "sourcecode.text-based-dylib-definition"; name = libicucore.tbd; path = usr/lib/libicucore.tbd; sourceTree = SDKROOT; };
		C017AD1A1E220617000F4B60 /* MessageUI.framework */ = {isa = PBXFileReference; lastKnownFileType = wrapper.framework; name = MessageUI.framework; path = System/Library/Frameworks/MessageUI.framework; sourceTree = SDKROOT; };
		C017AD1C1E22062C000F4B60 /* JavaScriptCore.framework */ = {isa = PBXFileReference; lastKnownFileType = wrapper.framework; name = JavaScriptCore.framework; path = System/Library/Frameworks/JavaScriptCore.framework; sourceTree = SDKROOT; };
		C017AD1E1E220641000F4B60 /* libstdc++.tbd */ = {isa = PBXFileReference; lastKnownFileType = "sourcecode.text-based-dylib-definition"; name = "libstdc++.tbd"; path = "usr/lib/libstdc++.tbd"; sourceTree = SDKROOT; };
		C017AD201E22065A000F4B60 /* AdSupport.framework */ = {isa = PBXFileReference; lastKnownFileType = wrapper.framework; name = AdSupport.framework; path = System/Library/Frameworks/AdSupport.framework; sourceTree = SDKROOT; };
		C07070F71E1E1461002C42D0 /* MGDS_Swift.app */ = {isa = PBXFileReference; explicitFileType = wrapper.application; includeInIndex = 0; path = MGDS_Swift.app; sourceTree = BUILT_PRODUCTS_DIR; };
		C07070FA1E1E1461002C42D0 /* AppDelegate.swift */ = {isa = PBXFileReference; lastKnownFileType = sourcecode.swift; path = AppDelegate.swift; sourceTree = "<group>"; };
		C07070FF1E1E1461002C42D0 /* Base */ = {isa = PBXFileReference; lastKnownFileType = file.storyboard; name = Base; path = Base.lproj/Main.storyboard; sourceTree = "<group>"; };
		C07071011E1E1461002C42D0 /* Assets.xcassets */ = {isa = PBXFileReference; lastKnownFileType = folder.assetcatalog; path = Assets.xcassets; sourceTree = "<group>"; };
		C07071061E1E1461002C42D0 /* Info.plist */ = {isa = PBXFileReference; lastKnownFileType = text.plist.xml; path = Info.plist; sourceTree = "<group>"; };
		C07071211E1E16C4002C42D0 /* LaunchScreen.storyboard */ = {isa = PBXFileReference; fileEncoding = 4; lastKnownFileType = file.storyboard; path = LaunchScreen.storyboard; sourceTree = "<group>"; };
		C07071231E1E19D3002C42D0 /* MainTabBarViewController.swift */ = {isa = PBXFileReference; fileEncoding = 4; lastKnownFileType = sourcecode.swift; path = MainTabBarViewController.swift; sourceTree = "<group>"; };
		C07071251E1E1A1C002C42D0 /* HomeViewController.swift */ = {isa = PBXFileReference; fileEncoding = 4; lastKnownFileType = sourcecode.swift; path = HomeViewController.swift; sourceTree = "<group>"; };
		C07071271E1E1A2C002C42D0 /* DiscoverViewController.swift */ = {isa = PBXFileReference; fileEncoding = 4; lastKnownFileType = sourcecode.swift; path = DiscoverViewController.swift; sourceTree = "<group>"; };
		C07071291E1E1A42002C42D0 /* MineViewController.swift */ = {isa = PBXFileReference; fileEncoding = 4; lastKnownFileType = sourcecode.swift; path = MineViewController.swift; sourceTree = "<group>"; };
		C070712D1E1E1B86002C42D0 /* Array+Extension.swift */ = {isa = PBXFileReference; fileEncoding = 4; lastKnownFileType = sourcecode.swift; path = "Array+Extension.swift"; sourceTree = "<group>"; };
		C070712E1E1E1B86002C42D0 /* NSObject+Extension.swift */ = {isa = PBXFileReference; fileEncoding = 4; lastKnownFileType = sourcecode.swift; path = "NSObject+Extension.swift"; sourceTree = "<group>"; };
		C070712F1E1E1B86002C42D0 /* String+Extension.swift */ = {isa = PBXFileReference; fileEncoding = 4; lastKnownFileType = sourcecode.swift; path = "String+Extension.swift"; sourceTree = "<group>"; };
		C07071301E1E1B86002C42D0 /* UIBUtton+Extension.swift */ = {isa = PBXFileReference; fileEncoding = 4; lastKnownFileType = sourcecode.swift; path = "UIBUtton+Extension.swift"; sourceTree = "<group>"; };
		C07071311E1E1B86002C42D0 /* UIColor+Extension.swift */ = {isa = PBXFileReference; fileEncoding = 4; lastKnownFileType = sourcecode.swift; path = "UIColor+Extension.swift"; sourceTree = "<group>"; };
		C07071321E1E1B86002C42D0 /* UIImage+Extension.swift */ = {isa = PBXFileReference; fileEncoding = 4; lastKnownFileType = sourcecode.swift; path = "UIImage+Extension.swift"; sourceTree = "<group>"; };
		C07071331E1E1B86002C42D0 /* UIImageView+Extension.swift */ = {isa = PBXFileReference; fileEncoding = 4; lastKnownFileType = sourcecode.swift; path = "UIImageView+Extension.swift"; sourceTree = "<group>"; };
		C07071341E1E1B86002C42D0 /* UILabel+Extension.swift */ = {isa = PBXFileReference; fileEncoding = 4; lastKnownFileType = sourcecode.swift; path = "UILabel+Extension.swift"; sourceTree = "<group>"; };
		C07071351E1E1B86002C42D0 /* UIView+Extension.swift */ = {isa = PBXFileReference; fileEncoding = 4; lastKnownFileType = sourcecode.swift; path = "UIView+Extension.swift"; sourceTree = "<group>"; };
		C07071361E1E1B86002C42D0 /* UIViewController+Extension.swift */ = {isa = PBXFileReference; fileEncoding = 4; lastKnownFileType = sourcecode.swift; path = "UIViewController+Extension.swift"; sourceTree = "<group>"; };
		C07071371E1E1B86002C42D0 /* Constant.swift */ = {isa = PBXFileReference; fileEncoding = 4; lastKnownFileType = sourcecode.swift; path = Constant.swift; sourceTree = "<group>"; };
		C07071391E1E1B86002C42D0 /* CornersLabel.swift */ = {isa = PBXFileReference; fileEncoding = 4; lastKnownFileType = sourcecode.swift; path = CornersLabel.swift; sourceTree = "<group>"; };
		C070713A1E1E1B86002C42D0 /* MGButton.swift */ = {isa = PBXFileReference; fileEncoding = 4; lastKnownFileType = sourcecode.swift; path = MGButton.swift; sourceTree = "<group>"; };
		C070713B1E1E1B86002C42D0 /* MoreButton.swift */ = {isa = PBXFileReference; fileEncoding = 4; lastKnownFileType = sourcecode.swift; path = MoreButton.swift; sourceTree = "<group>"; };
		C070713C1E1E1B86002C42D0 /* TitleButton.swift */ = {isa = PBXFileReference; fileEncoding = 4; lastKnownFileType = sourcecode.swift; path = TitleButton.swift; sourceTree = "<group>"; };
		C070714C1E1E1F7A002C42D0 /* HomeTitlesView.swift */ = {isa = PBXFileReference; fileEncoding = 4; lastKnownFileType = sourcecode.swift; path = HomeTitlesView.swift; sourceTree = "<group>"; };
		C070714E1E1E2038002C42D0 /* HomeContentView.swift */ = {isa = PBXFileReference; fileEncoding = 4; lastKnownFileType = sourcecode.swift; path = HomeContentView.swift; sourceTree = "<group>"; };
		C07071501E1E21FF002C42D0 /* VideoTableViewController.swift */ = {isa = PBXFileReference; fileEncoding = 4; lastKnownFileType = sourcecode.swift; path = VideoTableViewController.swift; sourceTree = "<group>"; };
		C07071521E1E2314002C42D0 /* VideoCell.swift */ = {isa = PBXFileReference; fileEncoding = 4; lastKnownFileType = sourcecode.swift; path = VideoCell.swift; sourceTree = "<group>"; };
		C07071531E1E2314002C42D0 /* VideoCell.xib */ = {isa = PBXFileReference; fileEncoding = 4; lastKnownFileType = file.xib; path = VideoCell.xib; sourceTree = "<group>"; };
		C07071581E1E2523002C42D0 /* BridgeHeader.h */ = {isa = PBXFileReference; fileEncoding = 4; lastKnownFileType = sourcecode.c.h; path = BridgeHeader.h; sourceTree = "<group>"; };
		C0D4EF4A1E1F7ED800043A6B /* Mine.storyboard */ = {isa = PBXFileReference; fileEncoding = 4; lastKnownFileType = file.storyboard; path = Mine.storyboard; sourceTree = "<group>"; };
		C0D4EF4C1E1F883A00043A6B /* QRCodeViewController.swift */ = {isa = PBXFileReference; fileEncoding = 4; lastKnownFileType = sourcecode.swift; path = QRCodeViewController.swift; sourceTree = "<group>"; };
		C0D4EF4E1E1F8D7100043A6B /* RegisterViewController.swift */ = {isa = PBXFileReference; fileEncoding = 4; lastKnownFileType = sourcecode.swift; path = RegisterViewController.swift; sourceTree = "<group>"; };
/* End PBXFileReference section */

/* Begin PBXFrameworksBuildPhase section */
		C07070F41E1E1461002C42D0 /* Frameworks */ = {
			isa = PBXFrameworksBuildPhase;
			buildActionMask = 2147483647;
			files = (
				C017AD211E22065A000F4B60 /* AdSupport.framework in Frameworks */,
				C017AD1F1E220641000F4B60 /* libstdc++.tbd in Frameworks */,
				C017AD1D1E22062C000F4B60 /* JavaScriptCore.framework in Frameworks */,
				C017AD1B1E220617000F4B60 /* MessageUI.framework in Frameworks */,
				C017AD191E220606000F4B60 /* libicucore.tbd in Frameworks */,
				C017AD111E1FCDF2000F4B60 /* TencentOpenApi_IOS_Bundle.bundle in Frameworks */,
				C017AD121E1FCDF2000F4B60 /* TencentOpenAPI.framework in Frameworks */,
				C017AD101E1FC89A000F4B60 /* libc++.tbd in Frameworks */,
				C017AD081E1FC85B000F4B60 /* SystemConfiguration.framework in Frameworks */,
				C017AD0E1E1FC882000F4B60 /* libz.tbd in Frameworks */,
				C017AD061E1FC84F000F4B60 /* libsqlite3.tbd in Frameworks */,
				C017AD0C1E1FC86E000F4B60 /* ImageIO.framework in Frameworks */,
				C017AD0A1E1FC864000F4B60 /* CoreTelephony.framework in Frameworks */,
				C017ACFF1E1FC718000F4B60 /* libSocialQQ.a in Frameworks */,
				C017ACF21E1FC718000F4B60 /* libUMessage_Sdk_1.2.0.a in Frameworks */,
				C017ACF01E1FC718000F4B60 /* MOBFoundation.framework in Frameworks */,
				C017ACFE1E1FC718000F4B60 /* libSocialSina.a in Frameworks */,
				C017AD031E1FC718000F4B60 /* libWeChatSDK.a in Frameworks */,
				C017ACBA1E1FC709000F4B60 /* libMobClickLibrary.a in Frameworks */,
				C017ACF41E1FC718000F4B60 /* libUMSocial_Sdk_4.3.a in Frameworks */,
				C017ACF11E1FC718000F4B60 /* SMS_SDK.framework in Frameworks */,
				C017ACB51E1FC6F1000F4B60 /* libPushSDK-1.8.8.a in Frameworks */,
				DFB4E0B8595614ACAE126B5B /* Pods_MGDS_Swift.framework in Frameworks */,
				C017AD021E1FC718000F4B60 /* libSocialWechat.a in Frameworks */,
				C017ACF51E1FC718000F4B60 /* libUMSocial_Sdk_Comment_4.3.a in Frameworks */,
			);
			runOnlyForDeploymentPostprocessing = 0;
		};
/* End PBXFrameworksBuildPhase section */

/* Begin PBXGroup section */
		094DA83F1804A49D8EFC387B /* Pods */ = {
			isa = PBXGroup;
			children = (
				50F2BFEF9040444F5CC43E5B /* Pods-MGDS_Swift.debug.xcconfig */,
				BE52BAD1BA24BC5566571829 /* Pods-MGDS_Swift.release.xcconfig */,
			);
			name = Pods;
			sourceTree = "<group>";
		};
		421C91FD2D2C83F3F14BBE5A /* Frameworks */ = {
			isa = PBXGroup;
			children = (
				C017AD201E22065A000F4B60 /* AdSupport.framework */,
				C017AD1E1E220641000F4B60 /* libstdc++.tbd */,
				C017AD1C1E22062C000F4B60 /* JavaScriptCore.framework */,
				C017AD1A1E220617000F4B60 /* MessageUI.framework */,
				C017AD181E220606000F4B60 /* libicucore.tbd */,
				C017AD161E21F6DD000F4B60 /* MobileCoreServices.framework */,
				C017AD0F1E1FC89A000F4B60 /* libc++.tbd */,
				C017AD0D1E1FC882000F4B60 /* libz.tbd */,
				C017AD0B1E1FC86E000F4B60 /* ImageIO.framework */,
				C017AD091E1FC864000F4B60 /* CoreTelephony.framework */,
				C017AD071E1FC85B000F4B60 /* SystemConfiguration.framework */,
				C017AD051E1FC84F000F4B60 /* libsqlite3.tbd */,
				899208F26CCBE9818DD0C9FB /* Pods_MGDS_Swift.framework */,
			);
			name = Frameworks;
			sourceTree = "<group>";
		};
		C004C65F1E1E7BEA00EC712E /* Login */ = {
			isa = PBXGroup;
			children = (
				C004C6601E1E7BEA00EC712E /* Controller */,
				C017AD131E1FDD58000F4B60 /* Model */,
			);
			path = Login;
			sourceTree = "<group>";
		};
		C004C6601E1E7BEA00EC712E /* Controller */ = {
			isa = PBXGroup;
			children = (
				C004C6641E1E7C1800EC712E /* Login.storyboard */,
				C004C6621E1E7C0C00EC712E /* LoginViewController.swift */,
				C0D4EF4E1E1F8D7100043A6B /* RegisterViewController.swift */,
			);
			path = Controller;
			sourceTree = "<group>";
		};
		C017AC4E1E1FC449000F4B60 /* Tools */ = {
			isa = PBXGroup;
			children = (
				C017AC501E1FC449000F4B60 /* NetWorkTools.swift */,
				C017AC511E1FC449000F4B60 /* Reachability.h */,
				C017AC521E1FC449000F4B60 /* Reachability.m */,
				C017AC531E1FC449000F4B60 /* SaveTools.swift */,
				C017AC541E1FC449000F4B60 /* SysNetWorkTools.swift */,
			);
			path = Tools;
			sourceTree = "<group>";
		};
		C017AC5A1E1FC690000F4B60 /* Third Party */ = {
			isa = PBXGroup;
			children = (
				C017ACBB1E1FC718000F4B60 /* SMS_SDK */,
				C017ACC11E1FC718000F4B60 /* UMessage_Sdk_1.2.0 */,
				C017ACC41E1FC718000F4B60 /* UMSocial_Sdk_4.3 */,
				C017ACB61E1FC709000F4B60 /* UMAnalytics_Sdk_3.6.6 */,
				C017ACB01E1FC6F1000F4B60 /* PushConfig.plist */,
				C017ACB11E1FC6F1000F4B60 /* APService.h */,
				C017ACB21E1FC6F1000F4B60 /* libPushSDK-1.8.8.a */,
			);
			path = "Third Party";
			sourceTree = "<group>";
		};
		C017ACB61E1FC709000F4B60 /* UMAnalytics_Sdk_3.6.6 */ = {
			isa = PBXGroup;
			children = (
				C017ACB71E1FC709000F4B60 /* libMobClickLibrary.a */,
				C017ACB81E1FC709000F4B60 /* MobClick.h */,
				C017ACB91E1FC709000F4B60 /* MobClickSocialAnalytics.h */,
			);
			path = UMAnalytics_Sdk_3.6.6;
			sourceTree = "<group>";
		};
		C017ACBB1E1FC718000F4B60 /* SMS_SDK */ = {
			isa = PBXGroup;
			children = (
				C017ACBC1E1FC718000F4B60 /* SMS_SDKLocalizable.strings */,
				C017ACBE1E1FC718000F4B60 /* MOBFoundation.framework */,
				C017ACBF1E1FC718000F4B60 /* SMS_SDK.framework */,
			);
			path = SMS_SDK;
			sourceTree = "<group>";
		};
		C017ACC11E1FC718000F4B60 /* UMessage_Sdk_1.2.0 */ = {
			isa = PBXGroup;
			children = (
				C017ACC21E1FC718000F4B60 /* libUMessage_Sdk_1.2.0.a */,
				C017ACC31E1FC718000F4B60 /* UMessage.h */,
			);
			path = UMessage_Sdk_1.2.0;
			sourceTree = "<group>";
		};
		C017ACC41E1FC718000F4B60 /* UMSocial_Sdk_4.3 */ = {
			isa = PBXGroup;
			children = (
				C017ACC51E1FC718000F4B60 /* UMSocialLocalizable.strings */,
				C017ACC71E1FC718000F4B60 /* Header */,
				C017ACD31E1FC718000F4B60 /* libUMSocial_Sdk_4.3.a */,
				C017ACD41E1FC718000F4B60 /* libUMSocial_Sdk_Comment_4.3.a */,
				C017ACD51E1FC718000F4B60 /* SocialSDKXib */,
				C017ACDE1E1FC718000F4B60 /* UMSocial_Sdk_Extra_Frameworks */,
				C017ACED1E1FC718000F4B60 /* UMSocialSDKResourcesNew.bundle */,
			);
			path = UMSocial_Sdk_4.3;
			sourceTree = "<group>";
		};
		C017ACC71E1FC718000F4B60 /* Header */ = {
			isa = PBXGroup;
			children = (
				C017ACC81E1FC718000F4B60 /* UMSocial.h */,
				C017ACC91E1FC718000F4B60 /* UMSocialAccountManager.h */,
				C017ACCA1E1FC718000F4B60 /* UMSocialBar.h */,
				C017ACCB1E1FC718000F4B60 /* UMSocialConfig.h */,
				C017ACCC1E1FC718000F4B60 /* UMSocialControllerService.h */,
				C017ACCD1E1FC718000F4B60 /* UMSocialControllerServiceComment.h */,
				C017ACCE1E1FC718000F4B60 /* UMSocialData.h */,
				C017ACCF1E1FC718000F4B60 /* UMSocialDataService.h */,
				C017ACD01E1FC718000F4B60 /* UMSocialSnsData.h */,
				C017ACD11E1FC718000F4B60 /* UMSocialSnsPlatformManager.h */,
				C017ACD21E1FC718000F4B60 /* UMSocialSnsService.h */,
			);
			path = Header;
			sourceTree = "<group>";
		};
		C017ACD51E1FC718000F4B60 /* SocialSDKXib */ = {
			isa = PBXGroup;
			children = (
				C017ACD61E1FC718000F4B60 /* UMSCommentDetailController.xib */,
				C017ACD71E1FC718000F4B60 /* UMSCommentInputController.xib */,
				C017ACD81E1FC718000F4B60 /* UMSCommentInputControlleriPad.xib */,
				C017ACD91E1FC718000F4B60 /* UMShareEditViewController.xib */,
				C017ACDA1E1FC718000F4B60 /* UMShareEditViewControlleriPad.xib */,
				C017ACDB1E1FC718000F4B60 /* UMSLoginViewController.xib */,
				C017ACDC1E1FC718000F4B60 /* UMSnsAccountViewController.xib */,
				C017ACDD1E1FC718000F4B60 /* UMSShareListController.xib */,
			);
			path = SocialSDKXib;
			sourceTree = "<group>";
		};
		C017ACDE1E1FC718000F4B60 /* UMSocial_Sdk_Extra_Frameworks */ = {
			isa = PBXGroup;
			children = (
				C017ACDF1E1FC718000F4B60 /* Sina */,
				C017ACE21E1FC718000F4B60 /* TencentOpenAPI */,
				C017ACE71E1FC718000F4B60 /* Wechat */,
			);
			path = UMSocial_Sdk_Extra_Frameworks;
			sourceTree = "<group>";
		};
		C017ACDF1E1FC718000F4B60 /* Sina */ = {
			isa = PBXGroup;
			children = (
				C017ACE01E1FC718000F4B60 /* libSocialSina.a */,
				C017ACE11E1FC718000F4B60 /* UMSocialSinaHandler.h */,
			);
			path = Sina;
			sourceTree = "<group>";
		};
		C017ACE21E1FC718000F4B60 /* TencentOpenAPI */ = {
			isa = PBXGroup;
			children = (
				C017ACE31E1FC718000F4B60 /* libSocialQQ.a */,
				C017ACE41E1FC718000F4B60 /* TencentOpenAPI.framework */,
				C017ACE51E1FC718000F4B60 /* TencentOpenApi_IOS_Bundle.bundle */,
				C017ACE61E1FC718000F4B60 /* UMSocialQQHandler.h */,
			);
			path = TencentOpenAPI;
			sourceTree = "<group>";
		};
		C017ACE71E1FC718000F4B60 /* Wechat */ = {
			isa = PBXGroup;
			children = (
				C017ACE81E1FC718000F4B60 /* libSocialWechat.a */,
				C017ACE91E1FC718000F4B60 /* libWeChatSDK.a */,
				C017ACEA1E1FC718000F4B60 /* UMSocialWechatHandler.h */,
				C017ACEB1E1FC718000F4B60 /* WXApi.h */,
				C017ACEC1E1FC718000F4B60 /* WXApiObject.h */,
			);
			path = Wechat;
			sourceTree = "<group>";
		};
		C017AD131E1FDD58000F4B60 /* Model */ = {
			isa = PBXGroup;
			children = (
				C017AD141E1FDD83000F4B60 /* User.swift */,
			);
			path = Model;
			sourceTree = "<group>";
		};
		C07070EE1E1E1461002C42D0 = {
			isa = PBXGroup;
			children = (
				C07070F91E1E1461002C42D0 /* MGDS_Swift */,
				C07070F81E1E1461002C42D0 /* Products */,
				094DA83F1804A49D8EFC387B /* Pods */,
				421C91FD2D2C83F3F14BBE5A /* Frameworks */,
			);
			sourceTree = "<group>";
		};
		C07070F81E1E1461002C42D0 /* Products */ = {
			isa = PBXGroup;
			children = (
				C07070F71E1E1461002C42D0 /* MGDS_Swift.app */,
			);
			name = Products;
			sourceTree = "<group>";
		};
		C07070F91E1E1461002C42D0 /* MGDS_Swift */ = {
			isa = PBXGroup;
			children = (
				C070710C1E1E14F0002C42D0 /* Class */,
				C07070FA1E1E1461002C42D0 /* AppDelegate.swift */,
				C07071591E1E2538002C42D0 /* Support File */,
			);
			path = MGDS_Swift;
			sourceTree = "<group>";
		};
		C070710C1E1E14F0002C42D0 /* Class */ = {
			isa = PBXGroup;
			children = (
				C004C65F1E1E7BEA00EC712E /* Login */,
				C07071171E1E14F0002C42D0 /* Main */,
				C070710D1E1E14F0002C42D0 /* Discover */,
				C07071121E1E14F0002C42D0 /* Home */,
				C070711C1E1E14F0002C42D0 /* Mine */,
				C070712B1E1E1B86002C42D0 /* Extesion */,
				C017AC4E1E1FC449000F4B60 /* Tools */,
				C017AC5A1E1FC690000F4B60 /* Third Party */,
			);
			path = Class;
			sourceTree = "<group>";
		};
		C070710D1E1E14F0002C42D0 /* Discover */ = {
			isa = PBXGroup;
			children = (
				C070710E1E1E14F0002C42D0 /* Controller */,
				C070710F1E1E14F0002C42D0 /* Model */,
				C07071101E1E14F0002C42D0 /* View */,
				C07071111E1E14F0002C42D0 /* ViewModel */,
			);
			path = Discover;
			sourceTree = "<group>";
		};
		C070710E1E1E14F0002C42D0 /* Controller */ = {
			isa = PBXGroup;
			children = (
				C07071271E1E1A2C002C42D0 /* DiscoverViewController.swift */,
			);
			path = Controller;
			sourceTree = "<group>";
		};
		C070710F1E1E14F0002C42D0 /* Model */ = {
			isa = PBXGroup;
			children = (
			);
			path = Model;
			sourceTree = "<group>";
		};
		C07071101E1E14F0002C42D0 /* View */ = {
			isa = PBXGroup;
			children = (
			);
			path = View;
			sourceTree = "<group>";
		};
		C07071111E1E14F0002C42D0 /* ViewModel */ = {
			isa = PBXGroup;
			children = (
			);
			path = ViewModel;
			sourceTree = "<group>";
		};
		C07071121E1E14F0002C42D0 /* Home */ = {
			isa = PBXGroup;
			children = (
				C07071131E1E14F0002C42D0 /* Controller */,
				C07071141E1E14F0002C42D0 /* Model */,
				C07071151E1E14F0002C42D0 /* View */,
				C07071161E1E14F0002C42D0 /* ViewModel */,
			);
			path = Home;
			sourceTree = "<group>";
		};
		C07071131E1E14F0002C42D0 /* Controller */ = {
			isa = PBXGroup;
			children = (
				C07071251E1E1A1C002C42D0 /* HomeViewController.swift */,
				C07071501E1E21FF002C42D0 /* VideoTableViewController.swift */,
			);
			path = Controller;
			sourceTree = "<group>";
		};
		C07071141E1E14F0002C42D0 /* Model */ = {
			isa = PBXGroup;
			children = (
			);
			path = Model;
			sourceTree = "<group>";
		};
		C07071151E1E14F0002C42D0 /* View */ = {
			isa = PBXGroup;
			children = (
				C070714C1E1E1F7A002C42D0 /* HomeTitlesView.swift */,
				C070714E1E1E2038002C42D0 /* HomeContentView.swift */,
				C07071521E1E2314002C42D0 /* VideoCell.swift */,
				C07071531E1E2314002C42D0 /* VideoCell.xib */,
			);
			path = View;
			sourceTree = "<group>";
		};
		C07071161E1E14F0002C42D0 /* ViewModel */ = {
			isa = PBXGroup;
			children = (
			);
			path = ViewModel;
			sourceTree = "<group>";
		};
		C07071171E1E14F0002C42D0 /* Main */ = {
			isa = PBXGroup;
			children = (
				C07071181E1E14F0002C42D0 /* Controller */,
				C07071191E1E14F0002C42D0 /* Model */,
				C070711A1E1E14F0002C42D0 /* View */,
				C070711B1E1E14F0002C42D0 /* ViewModel */,
			);
			path = Main;
			sourceTree = "<group>";
		};
		C07071181E1E14F0002C42D0 /* Controller */ = {
			isa = PBXGroup;
			children = (
				C07071231E1E19D3002C42D0 /* MainTabBarViewController.swift */,
			);
			path = Controller;
			sourceTree = "<group>";
		};
		C07071191E1E14F0002C42D0 /* Model */ = {
			isa = PBXGroup;
			children = (
			);
			path = Model;
			sourceTree = "<group>";
		};
		C070711A1E1E14F0002C42D0 /* View */ = {
			isa = PBXGroup;
			children = (
			);
			path = View;
			sourceTree = "<group>";
		};
		C070711B1E1E14F0002C42D0 /* ViewModel */ = {
			isa = PBXGroup;
			children = (
			);
			path = ViewModel;
			sourceTree = "<group>";
		};
		C070711C1E1E14F0002C42D0 /* Mine */ = {
			isa = PBXGroup;
			children = (
				C070711D1E1E14F0002C42D0 /* Controller */,
				C070711E1E1E14F0002C42D0 /* Model */,
				C070711F1E1E14F0002C42D0 /* View */,
				C07071201E1E14F0002C42D0 /* ViewModel */,
			);
			path = Mine;
			sourceTree = "<group>";
		};
		C070711D1E1E14F0002C42D0 /* Controller */ = {
			isa = PBXGroup;
			children = (
				C0D4EF4A1E1F7ED800043A6B /* Mine.storyboard */,
				C07071291E1E1A42002C42D0 /* MineViewController.swift */,
				C0D4EF4C1E1F883A00043A6B /* QRCodeViewController.swift */,
			);
			path = Controller;
			sourceTree = "<group>";
		};
		C070711E1E1E14F0002C42D0 /* Model */ = {
			isa = PBXGroup;
			children = (
			);
			path = Model;
			sourceTree = "<group>";
		};
		C070711F1E1E14F0002C42D0 /* View */ = {
			isa = PBXGroup;
			children = (
			);
			path = View;
			sourceTree = "<group>";
		};
		C07071201E1E14F0002C42D0 /* ViewModel */ = {
			isa = PBXGroup;
			children = (
			);
			path = ViewModel;
			sourceTree = "<group>";
		};
		C070712B1E1E1B86002C42D0 /* Extesion */ = {
			isa = PBXGroup;
			children = (
				C070712C1E1E1B86002C42D0 /* Category(扩展) */,
				C07071381E1E1B86002C42D0 /* Inherit(继承) */,
				C07071371E1E1B86002C42D0 /* Constant.swift */,
			);
			path = Extesion;
			sourceTree = "<group>";
		};
		C070712C1E1E1B86002C42D0 /* Category(扩展) */ = {
			isa = PBXGroup;
			children = (
				C070712D1E1E1B86002C42D0 /* Array+Extension.swift */,
				C070712E1E1E1B86002C42D0 /* NSObject+Extension.swift */,
				C070712F1E1E1B86002C42D0 /* String+Extension.swift */,
				C07071301E1E1B86002C42D0 /* UIBUtton+Extension.swift */,
				C07071311E1E1B86002C42D0 /* UIColor+Extension.swift */,
				C07071321E1E1B86002C42D0 /* UIImage+Extension.swift */,
				C07071331E1E1B86002C42D0 /* UIImageView+Extension.swift */,
				C07071341E1E1B86002C42D0 /* UILabel+Extension.swift */,
				C07071351E1E1B86002C42D0 /* UIView+Extension.swift */,
				C07071361E1E1B86002C42D0 /* UIViewController+Extension.swift */,
			);
			path = "Category(扩展)";
			sourceTree = "<group>";
		};
		C07071381E1E1B86002C42D0 /* Inherit(继承) */ = {
			isa = PBXGroup;
			children = (
				C07071391E1E1B86002C42D0 /* CornersLabel.swift */,
				C070713A1E1E1B86002C42D0 /* MGButton.swift */,
				C070713B1E1E1B86002C42D0 /* MoreButton.swift */,
				C070713C1E1E1B86002C42D0 /* TitleButton.swift */,
			);
			path = "Inherit(继承)";
			sourceTree = "<group>";
		};
		C07071591E1E2538002C42D0 /* Support File */ = {
			isa = PBXGroup;
			children = (
				C07070FE1E1E1461002C42D0 /* Main.storyboard */,
				C07071211E1E16C4002C42D0 /* LaunchScreen.storyboard */,
				C07071011E1E1461002C42D0 /* Assets.xcassets */,
				C07071061E1E1461002C42D0 /* Info.plist */,
				C07071581E1E2523002C42D0 /* BridgeHeader.h */,
			);
			name = "Support File";
			sourceTree = "<group>";
		};
/* End PBXGroup section */

/* Begin PBXNativeTarget section */
		C07070F61E1E1461002C42D0 /* MGDS_Swift */ = {
			isa = PBXNativeTarget;
			buildConfigurationList = C07071091E1E1461002C42D0 /* Build configuration list for PBXNativeTarget "MGDS_Swift" */;
			buildPhases = (
				102F90207B7E0ED829A6A1E0 /* [CP] Check Pods Manifest.lock */,
				C07070F31E1E1461002C42D0 /* Sources */,
				C07070F41E1E1461002C42D0 /* Frameworks */,
				C07070F51E1E1461002C42D0 /* Resources */,
				12F40069A33AB72FEC8DF62D /* [CP] Embed Pods Frameworks */,
				BEC6B9288CEBDBDAE981DB20 /* [CP] Copy Pods Resources */,
			);
			buildRules = (
			);
			dependencies = (
			);
			name = MGDS_Swift;
			productName = MGDS_Swift;
			productReference = C07070F71E1E1461002C42D0 /* MGDS_Swift.app */;
			productType = "com.apple.product-type.application";
		};
/* End PBXNativeTarget section */

/* Begin PBXProject section */
		C07070EF1E1E1461002C42D0 /* Project object */ = {
			isa = PBXProject;
			attributes = {
				LastSwiftUpdateCheck = 0800;
				LastUpgradeCheck = 0800;
				ORGANIZATIONNAME = "i-Techsys";
				TargetAttributes = {
					C07070F61E1E1461002C42D0 = {
						CreatedOnToolsVersion = 8.0;
						DevelopmentTeam = H54L47S422;
						ProvisioningStyle = Automatic;
					};
				};
			};
			buildConfigurationList = C07070F21E1E1461002C42D0 /* Build configuration list for PBXProject "MGDS_Swift" */;
			compatibilityVersion = "Xcode 3.2";
			developmentRegion = English;
			hasScannedForEncodings = 0;
			knownRegions = (
				en,
				Base,
				"zh-Hans",
			);
			mainGroup = C07070EE1E1E1461002C42D0;
			productRefGroup = C07070F81E1E1461002C42D0 /* Products */;
			projectDirPath = "";
			projectRoot = "";
			targets = (
				C07070F61E1E1461002C42D0 /* MGDS_Swift */,
			);
		};
/* End PBXProject section */

/* Begin PBXResourcesBuildPhase section */
		C07070F51E1E1461002C42D0 /* Resources */ = {
			isa = PBXResourcesBuildPhase;
			buildActionMask = 2147483647;
			files = (
				C017ACF81E1FC718000F4B60 /* UMSCommentInputControlleriPad.xib in Resources */,
				C017ACFC1E1FC718000F4B60 /* UMSnsAccountViewController.xib in Resources */,
				C017ACEF1E1FC718000F4B60 /* SMS_SDKLocalizable.strings in Resources */,
				C07071221E1E16C4002C42D0 /* LaunchScreen.storyboard in Resources */,
				C07071551E1E2314002C42D0 /* VideoCell.xib in Resources */,
				C017ACB41E1FC6F1000F4B60 /* PushConfig.plist in Resources */,
				C017AD011E1FC718000F4B60 /* TencentOpenApi_IOS_Bundle.bundle in Resources */,
				C07071021E1E1461002C42D0 /* Assets.xcassets in Resources */,
				C017ACFA1E1FC718000F4B60 /* UMShareEditViewControlleriPad.xib in Resources */,
				C017ACFD1E1FC718000F4B60 /* UMSShareListController.xib in Resources */,
				C017ACF31E1FC718000F4B60 /* UMSocialLocalizable.strings in Resources */,
				C017ACF61E1FC718000F4B60 /* UMSCommentDetailController.xib in Resources */,
				C017ACF71E1FC718000F4B60 /* UMSCommentInputController.xib in Resources */,
				C0D4EF4B1E1F7ED800043A6B /* Mine.storyboard in Resources */,
				C017AD041E1FC718000F4B60 /* UMSocialSDKResourcesNew.bundle in Resources */,
				C004C6651E1E7C1800EC712E /* Login.storyboard in Resources */,
				C017ACF91E1FC718000F4B60 /* UMShareEditViewController.xib in Resources */,
				C07071001E1E1461002C42D0 /* Main.storyboard in Resources */,
				C017ACFB1E1FC718000F4B60 /* UMSLoginViewController.xib in Resources */,
			);
			runOnlyForDeploymentPostprocessing = 0;
		};
/* End PBXResourcesBuildPhase section */

/* Begin PBXShellScriptBuildPhase section */
		102F90207B7E0ED829A6A1E0 /* [CP] Check Pods Manifest.lock */ = {
			isa = PBXShellScriptBuildPhase;
			buildActionMask = 2147483647;
			files = (
			);
			inputPaths = (
			);
			name = "[CP] Check Pods Manifest.lock";
			outputPaths = (
			);
			runOnlyForDeploymentPostprocessing = 0;
			shellPath = /bin/sh;
			shellScript = "diff \"${PODS_ROOT}/../Podfile.lock\" \"${PODS_ROOT}/Manifest.lock\" > /dev/null\nif [ $? != 0 ] ; then\n    # print error to STDERR\n    echo \"error: The sandbox is not in sync with the Podfile.lock. Run 'pod install' or update your CocoaPods installation.\" >&2\n    exit 1\nfi\n";
			showEnvVarsInLog = 0;
		};
		12F40069A33AB72FEC8DF62D /* [CP] Embed Pods Frameworks */ = {
			isa = PBXShellScriptBuildPhase;
			buildActionMask = 2147483647;
			files = (
			);
			inputPaths = (
			);
			name = "[CP] Embed Pods Frameworks";
			outputPaths = (
			);
			runOnlyForDeploymentPostprocessing = 0;
			shellPath = /bin/sh;
			shellScript = "\"${SRCROOT}/Pods/Target Support Files/Pods-MGDS_Swift/Pods-MGDS_Swift-frameworks.sh\"\n";
			showEnvVarsInLog = 0;
		};
		BEC6B9288CEBDBDAE981DB20 /* [CP] Copy Pods Resources */ = {
			isa = PBXShellScriptBuildPhase;
			buildActionMask = 2147483647;
			files = (
			);
			inputPaths = (
			);
			name = "[CP] Copy Pods Resources";
			outputPaths = (
			);
			runOnlyForDeploymentPostprocessing = 0;
			shellPath = /bin/sh;
			shellScript = "\"${SRCROOT}/Pods/Target Support Files/Pods-MGDS_Swift/Pods-MGDS_Swift-resources.sh\"\n";
			showEnvVarsInLog = 0;
		};
/* End PBXShellScriptBuildPhase section */

/* Begin PBXSourcesBuildPhase section */
		C07070F31E1E1461002C42D0 /* Sources */ = {
			isa = PBXSourcesBuildPhase;
			buildActionMask = 2147483647;
			files = (
				C0D4EF4F1E1F8D7100043A6B /* RegisterViewController.swift in Sources */,
				C070713F1E1E1B86002C42D0 /* String+Extension.swift in Sources */,
				C07071481E1E1B86002C42D0 /* CornersLabel.swift in Sources */,
				C0D4EF4D1E1F883A00043A6B /* QRCodeViewController.swift in Sources */,
				C017AD151E1FDD83000F4B60 /* User.swift in Sources */,
				C07070FB1E1E1461002C42D0 /* AppDelegate.swift in Sources */,
				C07071281E1E1A2C002C42D0 /* DiscoverViewController.swift in Sources */,
				C07071471E1E1B86002C42D0 /* Constant.swift in Sources */,
				C07071461E1E1B86002C42D0 /* UIViewController+Extension.swift in Sources */,
				C070714A1E1E1B86002C42D0 /* MoreButton.swift in Sources */,
				C017AC591E1FC449000F4B60 /* SysNetWorkTools.swift in Sources */,
				C017AC581E1FC449000F4B60 /* SaveTools.swift in Sources */,
				C07071241E1E19D3002C42D0 /* MainTabBarViewController.swift in Sources */,
				C070713D1E1E1B86002C42D0 /* Array+Extension.swift in Sources */,
				C07071261E1E1A1C002C42D0 /* HomeViewController.swift in Sources */,
				C07071491E1E1B86002C42D0 /* MGButton.swift in Sources */,
				C07071431E1E1B86002C42D0 /* UIImageView+Extension.swift in Sources */,
				C070712A1E1E1A42002C42D0 /* MineViewController.swift in Sources */,
				C004C6631E1E7C0C00EC712E /* LoginViewController.swift in Sources */,
				C017AC561E1FC449000F4B60 /* NetWorkTools.swift in Sources */,
				C07071451E1E1B86002C42D0 /* UIView+Extension.swift in Sources */,
				C070713E1E1E1B86002C42D0 /* NSObject+Extension.swift in Sources */,
				C07071401E1E1B86002C42D0 /* UIBUtton+Extension.swift in Sources */,
				C017AC571E1FC449000F4B60 /* Reachability.m in Sources */,
				C07071421E1E1B86002C42D0 /* UIImage+Extension.swift in Sources */,
				C07071541E1E2314002C42D0 /* VideoCell.swift in Sources */,
				C070714F1E1E2038002C42D0 /* HomeContentView.swift in Sources */,
				C07071441E1E1B86002C42D0 /* UILabel+Extension.swift in Sources */,
				C07071511E1E21FF002C42D0 /* VideoTableViewController.swift in Sources */,
				C070714B1E1E1B86002C42D0 /* TitleButton.swift in Sources */,
				C070714D1E1E1F7A002C42D0 /* HomeTitlesView.swift in Sources */,
				C07071411E1E1B86002C42D0 /* UIColor+Extension.swift in Sources */,
			);
			runOnlyForDeploymentPostprocessing = 0;
		};
/* End PBXSourcesBuildPhase section */

/* Begin PBXVariantGroup section */
		C017ACBC1E1FC718000F4B60 /* SMS_SDKLocalizable.strings */ = {
			isa = PBXVariantGroup;
			children = (
				C017ACBD1E1FC718000F4B60 /* en */,
				C017ACC01E1FC718000F4B60 /* zh-Hans */,
			);
			name = SMS_SDKLocalizable.strings;
			sourceTree = "<group>";
		};
		C017ACC51E1FC718000F4B60 /* UMSocialLocalizable.strings */ = {
			isa = PBXVariantGroup;
			children = (
				C017ACC61E1FC718000F4B60 /* en */,
				C017ACEE1E1FC718000F4B60 /* zh-Hans */,
			);
			name = UMSocialLocalizable.strings;
			sourceTree = "<group>";
		};
		C07070FE1E1E1461002C42D0 /* Main.storyboard */ = {
			isa = PBXVariantGroup;
			children = (
				C07070FF1E1E1461002C42D0 /* Base */,
			);
			name = Main.storyboard;
			sourceTree = "<group>";
		};
/* End PBXVariantGroup section */

/* Begin XCBuildConfiguration section */
		C07071071E1E1461002C42D0 /* Debug */ = {
			isa = XCBuildConfiguration;
			buildSettings = {
				ALWAYS_SEARCH_USER_PATHS = NO;
				CLANG_ANALYZER_NONNULL = YES;
				CLANG_CXX_LANGUAGE_STANDARD = "gnu++0x";
				CLANG_CXX_LIBRARY = "libc++";
				CLANG_ENABLE_MODULES = YES;
				CLANG_ENABLE_OBJC_ARC = YES;
				CLANG_WARN_BOOL_CONVERSION = YES;
				CLANG_WARN_CONSTANT_CONVERSION = YES;
				CLANG_WARN_DIRECT_OBJC_ISA_USAGE = YES_ERROR;
				CLANG_WARN_DOCUMENTATION_COMMENTS = YES;
				CLANG_WARN_EMPTY_BODY = YES;
				CLANG_WARN_ENUM_CONVERSION = YES;
				CLANG_WARN_INFINITE_RECURSION = YES;
				CLANG_WARN_INT_CONVERSION = YES;
				CLANG_WARN_OBJC_ROOT_CLASS = YES_ERROR;
				CLANG_WARN_SUSPICIOUS_MOVES = YES;
				CLANG_WARN_UNREACHABLE_CODE = YES;
				CLANG_WARN__DUPLICATE_METHOD_MATCH = YES;
				"CODE_SIGN_IDENTITY[sdk=iphoneos*]" = "iPhone Developer";
				COPY_PHASE_STRIP = NO;
				DEBUG_INFORMATION_FORMAT = dwarf;
				ENABLE_STRICT_OBJC_MSGSEND = YES;
				ENABLE_TESTABILITY = YES;
				GCC_C_LANGUAGE_STANDARD = gnu99;
				GCC_DYNAMIC_NO_PIC = NO;
				GCC_NO_COMMON_BLOCKS = YES;
				GCC_OPTIMIZATION_LEVEL = 0;
				GCC_PREPROCESSOR_DEFINITIONS = (
					"DEBUG=1",
					"$(inherited)",
				);
				GCC_WARN_64_TO_32_BIT_CONVERSION = YES;
				GCC_WARN_ABOUT_RETURN_TYPE = YES_ERROR;
				GCC_WARN_UNDECLARED_SELECTOR = YES;
				GCC_WARN_UNINITIALIZED_AUTOS = YES_AGGRESSIVE;
				GCC_WARN_UNUSED_FUNCTION = YES;
				GCC_WARN_UNUSED_VARIABLE = YES;
				IPHONEOS_DEPLOYMENT_TARGET = 10.0;
				MTL_ENABLE_DEBUG_INFO = YES;
				ONLY_ACTIVE_ARCH = YES;
				SDKROOT = iphoneos;
				SWIFT_ACTIVE_COMPILATION_CONDITIONS = DEBUG;
				SWIFT_OPTIMIZATION_LEVEL = "-Onone";
			};
			name = Debug;
		};
		C07071081E1E1461002C42D0 /* Release */ = {
			isa = XCBuildConfiguration;
			buildSettings = {
				ALWAYS_SEARCH_USER_PATHS = NO;
				CLANG_ANALYZER_NONNULL = YES;
				CLANG_CXX_LANGUAGE_STANDARD = "gnu++0x";
				CLANG_CXX_LIBRARY = "libc++";
				CLANG_ENABLE_MODULES = YES;
				CLANG_ENABLE_OBJC_ARC = YES;
				CLANG_WARN_BOOL_CONVERSION = YES;
				CLANG_WARN_CONSTANT_CONVERSION = YES;
				CLANG_WARN_DIRECT_OBJC_ISA_USAGE = YES_ERROR;
				CLANG_WARN_DOCUMENTATION_COMMENTS = YES;
				CLANG_WARN_EMPTY_BODY = YES;
				CLANG_WARN_ENUM_CONVERSION = YES;
				CLANG_WARN_INFINITE_RECURSION = YES;
				CLANG_WARN_INT_CONVERSION = YES;
				CLANG_WARN_OBJC_ROOT_CLASS = YES_ERROR;
				CLANG_WARN_SUSPICIOUS_MOVES = YES;
				CLANG_WARN_UNREACHABLE_CODE = YES;
				CLANG_WARN__DUPLICATE_METHOD_MATCH = YES;
				"CODE_SIGN_IDENTITY[sdk=iphoneos*]" = "iPhone Developer";
				COPY_PHASE_STRIP = NO;
				DEBUG_INFORMATION_FORMAT = "dwarf-with-dsym";
				ENABLE_NS_ASSERTIONS = NO;
				ENABLE_STRICT_OBJC_MSGSEND = YES;
				GCC_C_LANGUAGE_STANDARD = gnu99;
				GCC_NO_COMMON_BLOCKS = YES;
				GCC_WARN_64_TO_32_BIT_CONVERSION = YES;
				GCC_WARN_ABOUT_RETURN_TYPE = YES_ERROR;
				GCC_WARN_UNDECLARED_SELECTOR = YES;
				GCC_WARN_UNINITIALIZED_AUTOS = YES_AGGRESSIVE;
				GCC_WARN_UNUSED_FUNCTION = YES;
				GCC_WARN_UNUSED_VARIABLE = YES;
				IPHONEOS_DEPLOYMENT_TARGET = 10.0;
				MTL_ENABLE_DEBUG_INFO = NO;
				SDKROOT = iphoneos;
				SWIFT_OPTIMIZATION_LEVEL = "-Owholemodule";
				VALIDATE_PRODUCT = YES;
			};
			name = Release;
		};
		C070710A1E1E1461002C42D0 /* Debug */ = {
			isa = XCBuildConfiguration;
			baseConfigurationReference = 50F2BFEF9040444F5CC43E5B /* Pods-MGDS_Swift.debug.xcconfig */;
			buildSettings = {
				ASSETCATALOG_COMPILER_APPICON_NAME = AppIcon;
				ASSETCATALOG_COMPILER_LAUNCHIMAGE_NAME = LaunchImage;
				DEVELOPMENT_TEAM = H54L47S422;
				FRAMEWORK_SEARCH_PATHS = (
					"$(inherited)",
					"$(PROJECT_DIR)/MGDS_Swift/Class/Third\\ Party/SMS_SDK",
					"$(PROJECT_DIR)/MGDS_Swift/Class/Third\\ Party/SMS_SDK",
					"$(PROJECT_DIR)/MGDS_Swift/Class/Third\\ Party/UMSocial_Sdk_4.3/UMSocial_Sdk_Extra_Frameworks/TencentOpenAPI",
					"$(PROJECT_DIR)/MGDS_Swift/Class/Third\\ Party/UMSocial_Sdk_4.3/UMSocial_Sdk_Extra_Frameworks/TencentOpenAPI",
				);
				INFOPLIST_FILE = MGDS_Swift/Info.plist;
				IPHONEOS_DEPLOYMENT_TARGET = 10.0;
				LD_RUNPATH_SEARCH_PATHS = "$(inherited) @executable_path/Frameworks";
				LIBRARY_SEARCH_PATHS = (
					"$(inherited)",
					"$(PROJECT_DIR)/MGDS_Swift/Class/Third\\ Party",
					"$(PROJECT_DIR)/MGDS_Swift/Class/Third\\ Party/UMAnalytics_Sdk_3.6.6",
					"$(PROJECT_DIR)/MGDS_Swift/Class/Third\\ Party/UMessage_Sdk_1.2.0",
					"$(PROJECT_DIR)/MGDS_Swift/Class/Third\\ Party/UMSocial_Sdk_4.3",
					"$(PROJECT_DIR)/MGDS_Swift/Class/Third\\ Party/UMSocial_Sdk_4.3",
					"$(PROJECT_DIR)/MGDS_Swift/Class/Third\\ Party/UMSocial_Sdk_4.3/UMSocial_Sdk_Extra_Frameworks/Sina",
					"$(PROJECT_DIR)/MGDS_Swift/Class/Third\\ Party/UMSocial_Sdk_4.3/UMSocial_Sdk_Extra_Frameworks/TencentOpenAPI",
					"$(PROJECT_DIR)/MGDS_Swift/Class/Third\\ Party/UMSocial_Sdk_4.3/UMSocial_Sdk_Extra_Frameworks/Wechat",
					"$(PROJECT_DIR)/MGDS_Swift/Class/Third\\ Party/UMSocial_Sdk_4.3/UMSocial_Sdk_Extra_Frameworks/Wechat",
				);
				OTHER_LDFLAGS = (
					"$(inherited)",
					"-framework",
					"\"Alamofire\"",
					"-framework",
					"\"IQKeyboardManagerSwift\"",
					"-framework",
					"\"Kingfisher\"",
					"-framework",
					"\"MBProgressHUD\"",
					"-framework",
					"\"MJRefresh\"",
					"-framework",
					"\"SnapKit\"",
					"-framework",
					"\"Validator\"",
					"-ObjC",
					"-licucore",
				);
				PRODUCT_BUNDLE_IDENTIFIER = "i-Techsys.com.MGDS-Swift";
				PRODUCT_NAME = "$(TARGET_NAME)";
				SWIFT_OBJC_BRIDGING_HEADER = $SRCROOT/MGDS_Swift/BridgeHeader.h;
				SWIFT_VERSION = 3.0;
			};
			name = Debug;
		};
		C070710B1E1E1461002C42D0 /* Release */ = {
			isa = XCBuildConfiguration;
			baseConfigurationReference = BE52BAD1BA24BC5566571829 /* Pods-MGDS_Swift.release.xcconfig */;
			buildSettings = {
				ASSETCATALOG_COMPILER_APPICON_NAME = AppIcon;
				ASSETCATALOG_COMPILER_LAUNCHIMAGE_NAME = LaunchImage;
				DEVELOPMENT_TEAM = H54L47S422;
				FRAMEWORK_SEARCH_PATHS = (
					"$(inherited)",
					"$(PROJECT_DIR)/MGDS_Swift/Class/Third\\ Party/SMS_SDK",
					"$(PROJECT_DIR)/MGDS_Swift/Class/Third\\ Party/SMS_SDK",
					"$(PROJECT_DIR)/MGDS_Swift/Class/Third\\ Party/UMSocial_Sdk_4.3/UMSocial_Sdk_Extra_Frameworks/TencentOpenAPI",
					"$(PROJECT_DIR)/MGDS_Swift/Class/Third\\ Party/UMSocial_Sdk_4.3/UMSocial_Sdk_Extra_Frameworks/TencentOpenAPI",
				);
				INFOPLIST_FILE = MGDS_Swift/Info.plist;
				IPHONEOS_DEPLOYMENT_TARGET = 10.0;
				LD_RUNPATH_SEARCH_PATHS = "$(inherited) @executable_path/Frameworks";
				LIBRARY_SEARCH_PATHS = (
					"$(inherited)",
					"$(PROJECT_DIR)/MGDS_Swift/Class/Third\\ Party",
					"$(PROJECT_DIR)/MGDS_Swift/Class/Third\\ Party/UMAnalytics_Sdk_3.6.6",
					"$(PROJECT_DIR)/MGDS_Swift/Class/Third\\ Party/UMessage_Sdk_1.2.0",
					"$(PROJECT_DIR)/MGDS_Swift/Class/Third\\ Party/UMSocial_Sdk_4.3",
					"$(PROJECT_DIR)/MGDS_Swift/Class/Third\\ Party/UMSocial_Sdk_4.3",
					"$(PROJECT_DIR)/MGDS_Swift/Class/Third\\ Party/UMSocial_Sdk_4.3/UMSocial_Sdk_Extra_Frameworks/Sina",
					"$(PROJECT_DIR)/MGDS_Swift/Class/Third\\ Party/UMSocial_Sdk_4.3/UMSocial_Sdk_Extra_Frameworks/TencentOpenAPI",
					"$(PROJECT_DIR)/MGDS_Swift/Class/Third\\ Party/UMSocial_Sdk_4.3/UMSocial_Sdk_Extra_Frameworks/Wechat",
					"$(PROJECT_DIR)/MGDS_Swift/Class/Third\\ Party/UMSocial_Sdk_4.3/UMSocial_Sdk_Extra_Frameworks/Wechat",
				);
				OTHER_LDFLAGS = (
					"$(inherited)",
					"-framework",
					"\"Alamofire\"",
					"-framework",
					"\"IQKeyboardManagerSwift\"",
					"-framework",
					"\"Kingfisher\"",
					"-framework",
					"\"MBProgressHUD\"",
					"-framework",
					"\"MJRefresh\"",
					"-framework",
					"\"SnapKit\"",
					"-framework",
					"\"Validator\"",
					"-ObjC",
					"-licucore",
				);
				PRODUCT_BUNDLE_IDENTIFIER = "i-Techsys.com.MGDS-Swift";
				PRODUCT_NAME = "$(TARGET_NAME)";
				SWIFT_OBJC_BRIDGING_HEADER = $SRCROOT/MGDS_Swift/BridgeHeader.h;
				SWIFT_VERSION = 3.0;
			};
			name = Release;
		};
/* End XCBuildConfiguration section */

/* Begin XCConfigurationList section */
		C07070F21E1E1461002C42D0 /* Build configuration list for PBXProject "MGDS_Swift" */ = {
			isa = XCConfigurationList;
			buildConfigurations = (
				C07071071E1E1461002C42D0 /* Debug */,
				C07071081E1E1461002C42D0 /* Release */,
			);
			defaultConfigurationIsVisible = 0;
			defaultConfigurationName = Release;
		};
		C07071091E1E1461002C42D0 /* Build configuration list for PBXNativeTarget "MGDS_Swift" */ = {
			isa = XCConfigurationList;
			buildConfigurations = (
				C070710A1E1E1461002C42D0 /* Debug */,
				C070710B1E1E1461002C42D0 /* Release */,
			);
			defaultConfigurationIsVisible = 0;
			defaultConfigurationName = Release;
		};
/* End XCConfigurationList section */
	};
	rootObject = C07070EF1E1E1461002C42D0 /* Project object */;
}
