PODS:
  - Alamofire (4.9.1)
  - FMDB (2.7.5):
    - FMDB/standard (= 2.7.5)
  - FMDB/standard (2.7.5)
  - IQKeyboardManagerSwift (6.5.10)
  - Just (0.8.0)
  - Kingfisher (4.10.1)
  - Masonry (1.1.0)
  - MBProgressHUD (1.2.0)
  - MJRefresh (3.7.5)
  - MOBFoundation (3.2.36)
  - NAKPlaybackIndicatorView (0.1.1)
  - pop (1.0.12)
  - SMSSDK (3.0.1):
    - MOBFoundation
  - SnapKit (4.2.0)
  - SwiftyJSON (5.0.1)
  - Validator (3.2.1)

DEPENDENCIES:
  - Alamofire
  - FMDB
  - IQKeyboardManagerSwift
  - Just
  - Kingfisher
  - Masonry (from `https://github.com/cloudkite/Masonry.git`)
  - MBProgressHUD
  - MJRefresh
  - MOBFoundation
  - NAKPlaybackIndicatorView
  - pop
  - SMSSDK
  - SnapKit
  - SwiftyJSON (from `https://github.com/SwiftyJSON/SwiftyJSON.git`)
  - Validator

SPEC REPOS:
  https://github.com/CocoaPods/Specs.git:
    - Alamofire
    - FMDB
    - IQKeyboardManagerSwift
    - Just
    - Kingfisher
    - MBProgressHUD
    - MJRefresh
    - MOBFoundation
    - NAKPlaybackIndicatorView
    - pop
    - SMSSDK
    - SnapKit
    - Validator

EXTERNAL SOURCES:
  Masonry:
    :git: https://github.com/cloudkite/Masonry.git
  SwiftyJSON:
    :git: https://github.com/SwiftyJSON/SwiftyJSON.git

CHECKOUT OPTIONS:
  Masonry:
    :commit: 8bd77ea92bbe995e14c454f821200b222e5a8804
    :git: https://github.com/cloudkite/Masonry.git
  SwiftyJSON:
    :commit: b3dcd7dbd0d488e1a7077cb33b00f2083e382f07
    :git: https://github.com/SwiftyJSON/SwiftyJSON.git

SPEC CHECKSUMS:
  Alamofire: 85e8a02c69d6020a0d734f6054870d7ecb75cf18
  FMDB: 2ce00b547f966261cd18927a3ddb07cb6f3db82a
  IQKeyboardManagerSwift: 52962c76ab33532f15ad9f3ff4e5715eda5335bb
  Just: aef5105fb2c7069b65aa6f21aec8f429057f9c19
  Kingfisher: c148cd7b47ebde9989f6bc7c27dcaa79d81279a0
  Masonry: 890751a1008d6f33a97b032f4ecad4870d7eed3a
  MBProgressHUD: 3ee5efcc380f6a79a7cc9b363dd669c5e1ae7406
  MJRefresh: fdf5e979eb406a0341468932d1dfc8b7f9fce961
  MOBFoundation: 78ad4264f436b3d147375ab7fdb8088b9e22ca5d
  NAKPlaybackIndicatorView: f1468937ae3828ef6e9a50feda0781fdfa67dce8
  pop: d582054913807fd11fd50bfe6a539d91c7e1a55a
  SMSSDK: a811c8ea6e89393097037b7cf6493248a40e50f0
  SnapKit: fe8a619752f3f27075cc9a90244d75c6c3f27e2a
  SwiftyJSON: 2f33a42c6fbc52764d96f13368585094bfd8aa5e
  Validator: 80a6f567220c962dfd2d9928ae98a8c1d164f6f4

PODFILE CHECKSUM: a0965c3379244deac01779ee3f5980216eded138

COCOAPODS: 1.11.3
